
Microsoft Visual Studio Solution File, Format Version 12.00
# Visual Studio Version 17
VisualStudioVersion = 17.3.32804.467
MinimumVisualStudioVersion = 10.0.40219.1
Project("{9A19103F-16F7-4668-BE54-9A1E7A4F7556}") = "Approval_Api", "Approval_Api\Approval_Api.csproj", "{912A2931-743C-478F-A630-FB7430A10091}"
EndProject
Project("{9A19103F-16F7-4668-BE54-9A1E7A4F7556}") = "Approval_Api.DataModel", "Approval_Api.DataModel\Approval_Api.DataModel.csproj", "{3A2515B1-ABEE-4F82-B2A1-50EABDB8AF1F}"
EndProject
Project("{FAE04EC0-301F-11D3-BF4B-00C04F79EFBC}") = "Approval_Api.ServiceModel", "Approval_Api.ServiceModel\Approval_Api.ServiceModel.csproj", "{72F2F5D5-836D-454A-96C6-B011304D65AF}"
EndProject
Global
	GlobalSection(SolutionConfigurationPlatforms) = preSolution
		Debug|Any CPU = Debug|Any CPU
		Release|Any CPU = Release|Any CPU
	EndGlobalSection
	GlobalSection(ProjectConfigurationPlatforms) = postSolution
		{912A2931-743C-478F-A630-FB7430A10091}.Debug|Any CPU.ActiveCfg = Debug|Any CPU
		{912A2931-743C-478F-A630-FB7430A10091}.Debug|Any CPU.Build.0 = Debug|Any CPU
		{912A2931-743C-478F-A630-FB7430A10091}.Release|Any CPU.ActiveCfg = Release|Any CPU
		{912A2931-743C-478F-A630-FB7430A10091}.Release|Any CPU.Build.0 = Release|Any CPU
		{3A2515B1-ABEE-4F82-B2A1-50EABDB8AF1F}.Debug|Any CPU.ActiveCfg = Debug|Any CPU
		{3A2515B1-ABEE-4F82-B2A1-50EABDB8AF1F}.Debug|Any CPU.Build.0 = Debug|Any CPU
		{3A2515B1-ABEE-4F82-B2A1-50EABDB8AF1F}.Release|Any CPU.ActiveCfg = Release|Any CPU
		{3A2515B1-ABEE-4F82-B2A1-50EABDB8AF1F}.Release|Any CPU.Build.0 = Release|Any CPU
		{72F2F5D5-836D-454A-96C6-B011304D65AF}.Debug|Any CPU.ActiveCfg = Debug|Any CPU
		{72F2F5D5-836D-454A-96C6-B011304D65AF}.Debug|Any CPU.Build.0 = Debug|Any CPU
		{72F2F5D5-836D-454A-96C6-B011304D65AF}.Release|Any CPU.ActiveCfg = Release|Any CPU
		{72F2F5D5-836D-454A-96C6-B011304D65AF}.Release|Any CPU.Build.0 = Release|Any CPU
	EndGlobalSection
	GlobalSection(SolutionProperties) = preSolution
		HideSolutionNode = FALSE
	EndGlobalSection
	GlobalSection(ExtensibilityGlobals) = postSolution
		SolutionGuid = {40B65144-2E9C-453C-A5C8-F6F7121C375B}
	EndGlobalSection
EndGlobal
